
Microsoft Visual Studio Solution File, Format Version 12.00
# Visual Studio Version 17
VisualStudioVersion = 17.4.33110.190
MinimumVisualStudioVersion = 10.0.40219.1
Project("{9A19103F-16F7-4668-BE54-9A1E7A4F7556}") = "Aud.IO", "Aud.IO\Aud.IO.csproj", "{A25EE2F1-07C9-440C-B46A-4DFF7E7C11C8}"
EndProject
Project("{9A19103F-16F7-4668-BE54-9A1E7A4F7556}") = "Aud.IO.Tests", "Aud.IO.Tests\Aud.IO.Tests.csproj", "{720FF4EE-2E3B-4702-A0FB-3E6C6C0F0E32}"
EndProject
Project("{2150E333-8FDC-42A3-9474-1A3956D46DE8}") = "Solution Items", "Solution Items", "{60E65AE1-1366-4B3A-A514-361110F7B1F8}"
	ProjectSection(SolutionItems) = preProject
		.editorconfig = .editorconfig
	EndProjectSection
EndProject
Global
	GlobalSection(SolutionConfigurationPlatforms) = preSolution
		Debug|Any CPU = Debug|Any CPU
		Release|Any CPU = Release|Any CPU
	EndGlobalSection
	GlobalSection(ProjectConfigurationPlatforms) = postSolution
		{A25EE2F1-07C9-440C-B46A-4DFF7E7C11C8}.Debug|Any CPU.ActiveCfg = Debug|Any CPU
		{A25EE2F1-07C9-440C-B46A-4DFF7E7C11C8}.Debug|Any CPU.Build.0 = Debug|Any CPU
		{A25EE2F1-07C9-440C-B46A-4DFF7E7C11C8}.Release|Any CPU.ActiveCfg = Release|Any CPU
		{A25EE2F1-07C9-440C-B46A-4DFF7E7C11C8}.Release|Any CPU.Build.0 = Release|Any CPU
		{720FF4EE-2E3B-4702-A0FB-3E6C6C0F0E32}.Debug|Any CPU.ActiveCfg = Debug|Any CPU
		{720FF4EE-2E3B-4702-A0FB-3E6C6C0F0E32}.Debug|Any CPU.Build.0 = Debug|Any CPU
		{720FF4EE-2E3B-4702-A0FB-3E6C6C0F0E32}.Release|Any CPU.ActiveCfg = Release|Any CPU
		{720FF4EE-2E3B-4702-A0FB-3E6C6C0F0E32}.Release|Any CPU.Build.0 = Release|Any CPU
	EndGlobalSection
	GlobalSection(SolutionProperties) = preSolution
		HideSolutionNode = FALSE
	EndGlobalSection
	GlobalSection(ExtensibilityGlobals) = postSolution
		SolutionGuid = {89E39197-9395-4BA0-839B-C4B1A30C94B2}
	EndGlobalSection
EndGlobal
